
Microsoft Visual Studio Solution File, Format Version 12.00
# Visual Studio Version 17
VisualStudioVersion = 17.5.002.0
MinimumVisualStudioVersion = 10.0.40219.1
Project("{9A19103F-16F7-4668-BE54-9A1E7A4F7556}") = "SalaDeEscape", "SalaDeEscape.csproj", "{318BDC39-9EBB-461E-AF03-81DE53837A42}"
EndProject
Global
	GlobalSection(SolutionConfigurationPlatforms) = preSolution
		Debug|Any CPU = Debug|Any CPU
		Release|Any CPU = Release|Any CPU
	EndGlobalSection
	GlobalSection(ProjectConfigurationPlatforms) = postSolution
		{318BDC39-9EBB-461E-AF03-81DE53837A42}.Debug|Any CPU.ActiveCfg = Debug|Any CPU
		{318BDC39-9EBB-461E-AF03-81DE53837A42}.Debug|Any CPU.Build.0 = Debug|Any CPU
		{318BDC39-9EBB-461E-AF03-81DE53837A42}.Release|Any CPU.ActiveCfg = Release|Any CPU
		{318BDC39-9EBB-461E-AF03-81DE53837A42}.Release|Any CPU.Build.0 = Release|Any CPU
	EndGlobalSection
	GlobalSection(SolutionProperties) = preSolution
		HideSolutionNode = FALSE
	EndGlobalSection
	GlobalSection(ExtensibilityGlobals) = postSolution
		SolutionGuid = {C16285D9-ABB3-4F4F-AD5C-3D81A9BE8835}
	EndGlobalSection
EndGlobal
